// !$*UTF8*$!
{
	archiveVersion = 1;
	classes = {
	};
	objectVersion = 46;
	objects = {

/* Begin PBXBuildFile section */
		41C0D07E1C9BD5DC007C4725 /* ViewControllerExtensions.swift in Sources */ = {isa = PBXBuildFile; fileRef = 41C0D07D1C9BD5DC007C4725 /* ViewControllerExtensions.swift */; };
		41C0D0801C9BD75F007C4725 /* OverlayView.xib in Resources */ = {isa = PBXBuildFile; fileRef = 41C0D07F1C9BD75F007C4725 /* OverlayView.xib */; };
		41C0D0821C9BD774007C4725 /* ExampleOverlayView.swift in Sources */ = {isa = PBXBuildFile; fileRef = 41C0D0811C9BD774007C4725 /* ExampleOverlayView.swift */; };
		41DCE6591C987AFA00329113 /* AppDelegate.swift in Sources */ = {isa = PBXBuildFile; fileRef = 41DCE6581C987AFA00329113 /* AppDelegate.swift */; };
		41DCE65D1C987B2C00329113 /* LaunchScreen.storyboard in Resources */ = {isa = PBXBuildFile; fileRef = 41DCE65B1C987B2C00329113 /* LaunchScreen.storyboard */; };
		41DCE65E1C987B2C00329113 /* Main.storyboard in Resources */ = {isa = PBXBuildFile; fileRef = 41DCE65C1C987B2C00329113 /* Main.storyboard */; };
		41DCE6611C987B7100329113 /* ViewController.swift in Sources */ = {isa = PBXBuildFile; fileRef = 41DCE6601C987B7100329113 /* ViewController.swift */; };
		41DCE6651C987BB700329113 /* Assets.xcassets in Resources */ = {isa = PBXBuildFile; fileRef = 41DCE6631C987BB700329113 /* Assets.xcassets */; };
		41DCE6661C987BB700329113 /* Info.plist in Resources */ = {isa = PBXBuildFile; fileRef = 41DCE6641C987BB700329113 /* Info.plist */; };
		41DCE6681C987BD200329113 /* Default-568h@2x.png in Resources */ = {isa = PBXBuildFile; fileRef = 41DCE6671C987BD200329113 /* Default-568h@2x.png */; };
		F9FF0D9E49A992D2BF1AD833 /* Pods_WhatToWear.framework in Frameworks */ = {isa = PBXBuildFile; fileRef = 54DD611B7DA5B74FEBE6BC34 /* Pods_WhatToWear.framework */; };
/* End PBXBuildFile section */

/* Begin PBXFileReference section */
		28E7398A3E0303E6B24566D5 /* Pods-WhatToWear.release.xcconfig */ = {isa = PBXFileReference; includeInIndex = 1; lastKnownFileType = text.xcconfig; name = "Pods-WhatToWear.release.xcconfig"; path = "Pods/Target Support Files/Pods-WhatToWear/Pods-WhatToWear.release.xcconfig"; sourceTree = "<group>"; };
		41C0D07D1C9BD5DC007C4725 /* ViewControllerExtensions.swift */ = {isa = PBXFileReference; fileEncoding = 4; lastKnownFileType = sourcecode.swift; path = ViewControllerExtensions.swift; sourceTree = "<group>"; };
		41C0D07F1C9BD75F007C4725 /* OverlayView.xib */ = {isa = PBXFileReference; fileEncoding = 4; lastKnownFileType = file.xib; path = OverlayView.xib; sourceTree = "<group>"; };
		41C0D0811C9BD774007C4725 /* ExampleOverlayView.swift */ = {isa = PBXFileReference; fileEncoding = 4; lastKnownFileType = sourcecode.swift; path = ExampleOverlayView.swift; sourceTree = "<group>"; };
		41DCE6421C9879BD00329113 /* WhatToWear.app */ = {isa = PBXFileReference; explicitFileType = wrapper.application; includeInIndex = 0; path = WhatToWear.app; sourceTree = BUILT_PRODUCTS_DIR; };
		41DCE6581C987AFA00329113 /* AppDelegate.swift */ = {isa = PBXFileReference; fileEncoding = 4; lastKnownFileType = sourcecode.swift; path = AppDelegate.swift; sourceTree = "<group>"; };
		41DCE65B1C987B2C00329113 /* LaunchScreen.storyboard */ = {isa = PBXFileReference; fileEncoding = 4; lastKnownFileType = file.storyboard; path = LaunchScreen.storyboard; sourceTree = "<group>"; };
		41DCE65C1C987B2C00329113 /* Main.storyboard */ = {isa = PBXFileReference; fileEncoding = 4; lastKnownFileType = file.storyboard; path = Main.storyboard; sourceTree = "<group>"; };
		41DCE6601C987B7100329113 /* ViewController.swift */ = {isa = PBXFileReference; fileEncoding = 4; lastKnownFileType = sourcecode.swift; path = ViewController.swift; sourceTree = "<group>"; };
		41DCE6631C987BB700329113 /* Assets.xcassets */ = {isa = PBXFileReference; lastKnownFileType = folder.assetcatalog; path = Assets.xcassets; sourceTree = "<group>"; };
		41DCE6641C987BB700329113 /* Info.plist */ = {isa = PBXFileReference; fileEncoding = 4; lastKnownFileType = text.plist.xml; path = Info.plist; sourceTree = "<group>"; };
		41DCE6671C987BD200329113 /* Default-568h@2x.png */ = {isa = PBXFileReference; lastKnownFileType = image.png; path = "Default-568h@2x.png"; sourceTree = "<group>"; };
		41DCE6691C9883CE00329113 /* WhatToWear-Bridging-Header.h */ = {isa = PBXFileReference; fileEncoding = 4; lastKnownFileType = sourcecode.c.h; path = "WhatToWear-Bridging-Header.h"; sourceTree = "<group>"; };
		54DD611B7DA5B74FEBE6BC34 /* Pods_WhatToWear.framework */ = {isa = PBXFileReference; explicitFileType = wrapper.framework; includeInIndex = 0; path = Pods_WhatToWear.framework; sourceTree = BUILT_PRODUCTS_DIR; };
		5B5B569D40182DDBBF192D20 /* Pods-WhatToWear.debug.xcconfig */ = {isa = PBXFileReference; includeInIndex = 1; lastKnownFileType = text.xcconfig; name = "Pods-WhatToWear.debug.xcconfig"; path = "Pods/Target Support Files/Pods-WhatToWear/Pods-WhatToWear.debug.xcconfig"; sourceTree = "<group>"; };
/* End PBXFileReference section */

/* Begin PBXFrameworksBuildPhase section */
		41DCE63F1C9879BD00329113 /* Frameworks */ = {
			isa = PBXFrameworksBuildPhase;
			buildActionMask = 2147483647;
			files = (
				F9FF0D9E49A992D2BF1AD833 /* Pods_WhatToWear.framework in Frameworks */,
			);
			runOnlyForDeploymentPostprocessing = 0;
		};
/* End PBXFrameworksBuildPhase section */

/* Begin PBXGroup section */
		1B4679239724C418DDB75242 /* Pods */ = {
			isa = PBXGroup;
			children = (
				5B5B569D40182DDBBF192D20 /* Pods-WhatToWear.debug.xcconfig */,
				28E7398A3E0303E6B24566D5 /* Pods-WhatToWear.release.xcconfig */,
			);
			name = Pods;
			sourceTree = "<group>";
		};
		41C0D07B1C9BD5B8007C4725 /* Extensions */ = {
			isa = PBXGroup;
			children = (
				41C0D07C1C9BD5B9007C4725 /* View Controller */,
			);
			path = Extensions;
			sourceTree = "<group>";
		};
		41C0D07C1C9BD5B9007C4725 /* View Controller */ = {
			isa = PBXGroup;
			children = (
				41C0D07D1C9BD5DC007C4725 /* ViewControllerExtensions.swift */,
			);
			path = "View Controller";
			sourceTree = "<group>";
		};
		41DCE6391C9879BD00329113 = {
			isa = PBXGroup;
			children = (
				41DCE6671C987BD200329113 /* Default-568h@2x.png */,
				41DCE6441C9879BD00329113 /* WhatToWear */,
				41DCE6431C9879BD00329113 /* Products */,
				1B4679239724C418DDB75242 /* Pods */,
				D50FD61140A79E9B12CC6BB8 /* Frameworks */,
			);
			sourceTree = "<group>";
		};
		41DCE6431C9879BD00329113 /* Products */ = {
			isa = PBXGroup;
			children = (
				41DCE6421C9879BD00329113 /* WhatToWear.app */,
			);
			name = Products;
			sourceTree = "<group>";
		};
		41DCE6441C9879BD00329113 /* WhatToWear */ = {
			isa = PBXGroup;
			children = (
				41C0D07B1C9BD5B8007C4725 /* Extensions */,
				41DCE6621C987BB700329113 /* Supporting Files */,
				41DCE65F1C987B7100329113 /* View Controllers */,
				41DCE65A1C987B2C00329113 /* StoryBord & Xibs */,
				41DCE6571C987AFA00329113 /* App Delegate */,
			);
			path = WhatToWear;
			sourceTree = "<group>";
		};
		41DCE6571C987AFA00329113 /* App Delegate */ = {
			isa = PBXGroup;
			children = (
				41DCE6581C987AFA00329113 /* AppDelegate.swift */,
			);
			path = "App Delegate";
			sourceTree = "<group>";
		};
		41DCE65A1C987B2C00329113 /* StoryBord & Xibs */ = {
			isa = PBXGroup;
			children = (
				41C0D07F1C9BD75F007C4725 /* OverlayView.xib */,
				41DCE65B1C987B2C00329113 /* LaunchScreen.storyboard */,
				41DCE65C1C987B2C00329113 /* Main.storyboard */,
			);
			path = "StoryBord & Xibs";
			sourceTree = "<group>";
		};
		41DCE65F1C987B7100329113 /* View Controllers */ = {
			isa = PBXGroup;
			children = (
				41C0D0811C9BD774007C4725 /* ExampleOverlayView.swift */,
				41DCE6601C987B7100329113 /* ViewController.swift */,
			);
			path = "View Controllers";
			sourceTree = "<group>";
		};
		41DCE6621C987BB700329113 /* Supporting Files */ = {
			isa = PBXGroup;
			children = (
				41DCE6631C987BB700329113 /* Assets.xcassets */,
				41DCE6641C987BB700329113 /* Info.plist */,
				41DCE6691C9883CE00329113 /* WhatToWear-Bridging-Header.h */,
			);
			path = "Supporting Files";
			sourceTree = "<group>";
		};
		D50FD61140A79E9B12CC6BB8 /* Frameworks */ = {
			isa = PBXGroup;
			children = (
				54DD611B7DA5B74FEBE6BC34 /* Pods_WhatToWear.framework */,
			);
			name = Frameworks;
			sourceTree = "<group>";
		};
/* End PBXGroup section */

/* Begin PBXNativeTarget section */
		41DCE6411C9879BD00329113 /* WhatToWear */ = {
			isa = PBXNativeTarget;
			buildConfigurationList = 41DCE6541C9879BD00329113 /* Build configuration list for PBXNativeTarget "WhatToWear" */;
			buildPhases = (
				22C124DAC636983D4585EC23 /* Check Pods Manifest.lock */,
				41DCE63E1C9879BD00329113 /* Sources */,
				41DCE63F1C9879BD00329113 /* Frameworks */,
				41DCE6401C9879BD00329113 /* Resources */,
				84796E59112BA2035F17311C /* Embed Pods Frameworks */,
				AA4BE82514B1886B4D62494D /* Copy Pods Resources */,
			);
			buildRules = (
			);
			dependencies = (
			);
			name = WhatToWear;
			productName = WhatToWear;
			productReference = 41DCE6421C9879BD00329113 /* WhatToWear.app */;
			productType = "com.apple.product-type.application";
		};
/* End PBXNativeTarget section */

/* Begin PBXProject section */
		41DCE63A1C9879BD00329113 /* Project object */ = {
			isa = PBXProject;
			attributes = {
				LastSwiftUpdateCheck = 0720;
				LastUpgradeCheck = 0720;
				ORGANIZATIONNAME = www.programmingcrew.in;
				TargetAttributes = {
					41DCE6411C9879BD00329113 = {
						CreatedOnToolsVersion = 7.2;
					};
				};
			};
			buildConfigurationList = 41DCE63D1C9879BD00329113 /* Build configuration list for PBXProject "WhatToWear" */;
			compatibilityVersion = "Xcode 3.2";
			developmentRegion = English;
			hasScannedForEncodings = 0;
			knownRegions = (
				en,
				Base,
			);
			mainGroup = 41DCE6391C9879BD00329113;
			productRefGroup = 41DCE6431C9879BD00329113 /* Products */;
			projectDirPath = "";
			projectRoot = "";
			targets = (
				41DCE6411C9879BD00329113 /* WhatToWear */,
			);
		};
/* End PBXProject section */

/* Begin PBXResourcesBuildPhase section */
		41DCE6401C9879BD00329113 /* Resources */ = {
			isa = PBXResourcesBuildPhase;
			buildActionMask = 2147483647;
			files = (
				41DCE6661C987BB700329113 /* Info.plist in Resources */,
				41C0D0801C9BD75F007C4725 /* OverlayView.xib in Resources */,
				41DCE65E1C987B2C00329113 /* Main.storyboard in Resources */,
				41DCE6651C987BB700329113 /* Assets.xcassets in Resources */,
				41DCE6681C987BD200329113 /* Default-568h@2x.png in Resources */,
				41DCE65D1C987B2C00329113 /* LaunchScreen.storyboard in Resources */,
			);
			runOnlyForDeploymentPostprocessing = 0;
		};
/* End PBXResourcesBuildPhase section */

/* Begin PBXShellScriptBuildPhase section */
		22C124DAC636983D4585EC23 /* Check Pods Manifest.lock */ = {
			isa = PBXShellScriptBuildPhase;
			buildActionMask = 2147483647;
			files = (
			);
			inputPaths = (
			);
			name = "Check Pods Manifest.lock";
			outputPaths = (
			);
			runOnlyForDeploymentPostprocessing = 0;
			shellPath = /bin/sh;
			shellScript = "diff \"${PODS_ROOT}/../Podfile.lock\" \"${PODS_ROOT}/Manifest.lock\" > /dev/null\nif [[ $? != 0 ]] ; then\n    cat << EOM\nerror: The sandbox is not in sync with the Podfile.lock. Run 'pod install' or update your CocoaPods installation.\nEOM\n    exit 1\nfi\n";
			showEnvVarsInLog = 0;
		};
		84796E59112BA2035F17311C /* Embed Pods Frameworks */ = {
			isa = PBXShellScriptBuildPhase;
			buildActionMask = 2147483647;
			files = (
			);
			inputPaths = (
			);
			name = "Embed Pods Frameworks";
			outputPaths = (
			);
			runOnlyForDeploymentPostprocessing = 0;
			shellPath = /bin/sh;
			shellScript = "\"${SRCROOT}/Pods/Target Support Files/Pods-WhatToWear/Pods-WhatToWear-frameworks.sh\"\n";
			showEnvVarsInLog = 0;
		};
		AA4BE82514B1886B4D62494D /* Copy Pods Resources */ = {
			isa = PBXShellScriptBuildPhase;
			buildActionMask = 2147483647;
			files = (
			);
			inputPaths = (
			);
			name = "Copy Pods Resources";
			outputPaths = (
			);
			runOnlyForDeploymentPostprocessing = 0;
			shellPath = /bin/sh;
			shellScript = "\"${SRCROOT}/Pods/Target Support Files/Pods-WhatToWear/Pods-WhatToWear-resources.sh\"\n";
			showEnvVarsInLog = 0;
		};
/* End PBXShellScriptBuildPhase section */

/* Begin PBXSourcesBuildPhase section */
		41DCE63E1C9879BD00329113 /* Sources */ = {
			isa = PBXSourcesBuildPhase;
			buildActionMask = 2147483647;
			files = (
				41C0D0821C9BD774007C4725 /* ExampleOverlayView.swift in Sources */,
				41DCE6611C987B7100329113 /* ViewController.swift in Sources */,
				41C0D07E1C9BD5DC007C4725 /* ViewControllerExtensions.swift in Sources */,
				41DCE6591C987AFA00329113 /* AppDelegate.swift in Sources */,
			);
			runOnlyForDeploymentPostprocessing = 0;
		};
/* End PBXSourcesBuildPhase section */

/* Begin XCBuildConfiguration section */
		41DCE6521C9879BD00329113 /* Debug */ = {
			isa = XCBuildConfiguration;
			buildSettings = {
				ALWAYS_SEARCH_USER_PATHS = NO;
				CLANG_CXX_LANGUAGE_STANDARD = "gnu++0x";
				CLANG_CXX_LIBRARY = "libc++";
				CLANG_ENABLE_MODULES = YES;
				CLANG_ENABLE_OBJC_ARC = YES;
				CLANG_WARN_BOOL_CONVERSION = YES;
				CLANG_WARN_CONSTANT_CONVERSION = YES;
				CLANG_WARN_DIRECT_OBJC_ISA_USAGE = YES_ERROR;
				CLANG_WARN_EMPTY_BODY = YES;
				CLANG_WARN_ENUM_CONVERSION = YES;
				CLANG_WARN_INT_CONVERSION = YES;
				CLANG_WARN_OBJC_ROOT_CLASS = YES_ERROR;
				CLANG_WARN_UNREACHABLE_CODE = YES;
				CLANG_WARN__DUPLICATE_METHOD_MATCH = YES;
				"CODE_SIGN_IDENTITY[sdk=iphoneos*]" = "iPhone Developer";
				COPY_PHASE_STRIP = NO;
				DEBUG_INFORMATION_FORMAT = dwarf;
				ENABLE_STRICT_OBJC_MSGSEND = YES;
				ENABLE_TESTABILITY = YES;
				GCC_C_LANGUAGE_STANDARD = gnu99;
				GCC_DYNAMIC_NO_PIC = NO;
				GCC_NO_COMMON_BLOCKS = YES;
				GCC_OPTIMIZATION_LEVEL = 0;
				GCC_PREPROCESSOR_DEFINITIONS = (
					"DEBUG=1",
					"$(inherited)",
				);
				GCC_WARN_64_TO_32_BIT_CONVERSION = YES;
				GCC_WARN_ABOUT_RETURN_TYPE = YES_ERROR;
				GCC_WARN_UNDECLARED_SELECTOR = YES;
				GCC_WARN_UNINITIALIZED_AUTOS = YES_AGGRESSIVE;
				GCC_WARN_UNUSED_FUNCTION = YES;
				GCC_WARN_UNUSED_VARIABLE = YES;
				IPHONEOS_DEPLOYMENT_TARGET = 9.2;
				MTL_ENABLE_DEBUG_INFO = YES;
				ONLY_ACTIVE_ARCH = YES;
				SDKROOT = iphoneos;
				SWIFT_OPTIMIZATION_LEVEL = "-Onone";
			};
			name = Debug;
		};
		41DCE6531C9879BD00329113 /* Release */ = {
			isa = XCBuildConfiguration;
			buildSettings = {
				ALWAYS_SEARCH_USER_PATHS = NO;
				CLANG_CXX_LANGUAGE_STANDARD = "gnu++0x";
				CLANG_CXX_LIBRARY = "libc++";
				CLANG_ENABLE_MODULES = YES;
				CLANG_ENABLE_OBJC_ARC = YES;
				CLANG_WARN_BOOL_CONVERSION = YES;
				CLANG_WARN_CONSTANT_CONVERSION = YES;
				CLANG_WARN_DIRECT_OBJC_ISA_USAGE = YES_ERROR;
				CLANG_WARN_EMPTY_BODY = YES;
				CLANG_WARN_ENUM_CONVERSION = YES;
				CLANG_WARN_INT_CONVERSION = YES;
				CLANG_WARN_OBJC_ROOT_CLASS = YES_ERROR;
				CLANG_WARN_UNREACHABLE_CODE = YES;
				CLANG_WARN__DUPLICATE_METHOD_MATCH = YES;
				"CODE_SIGN_IDENTITY[sdk=iphoneos*]" = "iPhone Developer";
				COPY_PHASE_STRIP = NO;
				DEBUG_INFORMATION_FORMAT = "dwarf-with-dsym";
				ENABLE_NS_ASSERTIONS = NO;
				ENABLE_STRICT_OBJC_MSGSEND = YES;
				GCC_C_LANGUAGE_STANDARD = gnu99;
				GCC_NO_COMMON_BLOCKS = YES;
				GCC_WARN_64_TO_32_BIT_CONVERSION = YES;
				GCC_WARN_ABOUT_RETURN_TYPE = YES_ERROR;
				GCC_WARN_UNDECLARED_SELECTOR = YES;
				GCC_WARN_UNINITIALIZED_AUTOS = YES_AGGRESSIVE;
				GCC_WARN_UNUSED_FUNCTION = YES;
				GCC_WARN_UNUSED_VARIABLE = YES;
				IPHONEOS_DEPLOYMENT_TARGET = 9.2;
				MTL_ENABLE_DEBUG_INFO = NO;
				SDKROOT = iphoneos;
				VALIDATE_PRODUCT = YES;
			};
			name = Release;
		};
		41DCE6551C9879BD00329113 /* Debug */ = {
			isa = XCBuildConfiguration;
			baseConfigurationReference = 5B5B569D40182DDBBF192D20 /* Pods-WhatToWear.debug.xcconfig */;
			buildSettings = {
				ASSETCATALOG_COMPILER_APPICON_NAME = AppIcon;
				INFOPLIST_FILE = "$(SRCROOT)/WhatToWear/Supporting Files/Info.plist";
				IPHONEOS_DEPLOYMENT_TARGET = 8.0;
				LD_RUNPATH_SEARCH_PATHS = "$(inherited) @executable_path/Frameworks";
				PRODUCT_BUNDLE_IDENTIFIER = com.programmingcrew.WhatToWear;
				PRODUCT_NAME = "$(TARGET_NAME)";
				SWIFT_OBJC_BRIDGING_HEADER = "$(SRCROOT)/WhatToWear/Supporting Files/WhatToWear-Bridging-Header.h";
			};
			name = Debug;
		};
		41DCE6561C9879BD00329113 /* Release */ = {
			isa = XCBuildConfiguration;
			baseConfigurationReference = 28E7398A3E0303E6B24566D5 /* Pods-WhatToWear.release.xcconfig */;
			buildSettings = {
				ASSETCATALOG_COMPILER_APPICON_NAME = AppIcon;
				INFOPLIST_FILE = "$(SRCROOT)/WhatToWear/Supporting Files/Info.plist";
				IPHONEOS_DEPLOYMENT_TARGET = 8.0;
				LD_RUNPATH_SEARCH_PATHS = "$(inherited) @executable_path/Frameworks";
				PRODUCT_BUNDLE_IDENTIFIER = com.programmingcrew.WhatToWear;
				PRODUCT_NAME = "$(TARGET_NAME)";
				SWIFT_OBJC_BRIDGING_HEADER = "$(SRCROOT)/WhatToWear/Supporting Files/WhatToWear-Bridging-Header.h";
			};
			name = Release;
		};
/* End XCBuildConfiguration section */

/* Begin XCConfigurationList section */
		41DCE63D1C9879BD00329113 /* Build configuration list for PBXProject "WhatToWear" */ = {
			isa = XCConfigurationList;
			buildConfigurations = (
				41DCE6521C9879BD00329113 /* Debug */,
				41DCE6531C9879BD00329113 /* Release */,
			);
			defaultConfigurationIsVisible = 0;
			defaultConfigurationName = Release;
		};
		41DCE6541C9879BD00329113 /* Build configuration list for PBXNativeTarget "WhatToWear" */ = {
			isa = XCConfigurationList;
			buildConfigurations = (
				41DCE6551C9879BD00329113 /* Debug */,
				41DCE6561C9879BD00329113 /* Release */,
			);
			defaultConfigurationIsVisible = 0;
			defaultConfigurationName = Release;
		};
/* End XCConfigurationList section */
	};
	rootObject = 41DCE63A1C9879BD00329113 /* Project object */;
}
